// !$*UTF8*$!
{
	archiveVersion = 1;
	classes = {
	};
	objectVersion = 46;
	objects = {

/* Begin PBXFileReference section */
		A747E0AD1BD1598E00343690 /* Connection.h */ = {isa = PBXFileReference; lastKnownFileType = sourcecode.c.h; path = Connection.h; sourceTree = "<group>"; };
		A747E0AE1BD1599500343690 /* Conekta.m */ = {isa = PBXFileReference; lastKnownFileType = sourcecode.c.objc; path = Conekta.m; sourceTree = "<group>"; };
		A747E0AF1BD1599F00343690 /* Conekta.h */ = {isa = PBXFileReference; lastKnownFileType = sourcecode.c.h; path = Conekta.h; sourceTree = "<group>"; };
		A747E0B01BD159B600343690 /* Connection.m */ = {isa = PBXFileReference; lastKnownFileType = sourcecode.c.objc; path = Connection.m; sourceTree = "<group>"; };
		A747E0C31BD18E2C00343690 /* Token.h */ = {isa = PBXFileReference; lastKnownFileType = sourcecode.c.h; path = Token.h; sourceTree = "<group>"; };
		A747E0C41BD18E3300343690 /* Token.m */ = {isa = PBXFileReference; lastKnownFileType = sourcecode.c.objc; path = Token.m; sourceTree = "<group>"; };
		A747E0C51BD1905200343690 /* Card.h */ = {isa = PBXFileReference; lastKnownFileType = sourcecode.c.h; path = Card.h; sourceTree = "<group>"; };
		A747E0C61BD1905900343690 /* Card.m */ = {isa = PBXFileReference; lastKnownFileType = sourcecode.c.objc; path = Card.m; sourceTree = "<group>"; };
/* End PBXFileReference section */

/* Begin PBXGroup section */
		A747E0A41BD1595300343690 = {
			isa = PBXGroup;
			children = (
				A747E0C51BD1905200343690 /* Card.h */,
				A747E0C61BD1905900343690 /* Card.m */,
				A747E0AF1BD1599F00343690 /* Conekta.h */,
				A747E0AE1BD1599500343690 /* Conekta.m */,
				A747E0AD1BD1598E00343690 /* Connection.h */,
				A747E0B01BD159B600343690 /* Connection.m */,
				A747E0C31BD18E2C00343690 /* Token.h */,
				A747E0C41BD18E3300343690 /* Token.m */,
			);
			sourceTree = "<group>";
		};
/* End PBXGroup section */

/* Begin PBXProject section */
		A747E0A51BD1595300343690 /* Project object */ = {
			isa = PBXProject;
			attributes = {
				LastUpgradeCheck = 0940;
			};
			buildConfigurationList = A747E0A81BD1595300343690 /* Build configuration list for PBXProject "Conekta" */;
			compatibilityVersion = "Xcode 3.2";
			developmentRegion = English;
			hasScannedForEncodings = 0;
			knownRegions = (
				en,
			);
			mainGroup = A747E0A41BD1595300343690;
			projectDirPath = "";
			projectRoot = "";
			targets = (
			);
		};
/* End PBXProject section */

/* Begin XCBuildConfiguration section */
		A747E0A91BD1595300343690 /* Debug */ = {
			isa = XCBuildConfiguration;
			buildSettings = {
				CLANG_WARN_BLOCK_CAPTURE_AUTORELEASING = YES;
				CLANG_WARN_BOOL_CONVERSION = YES;
				CLANG_WARN_COMMA = YES;
				CLANG_WARN_CONSTANT_CONVERSION = YES;
				CLANG_WARN_DEPRECATED_OBJC_IMPLEMENTATIONS = YES;
				CLANG_WARN_EMPTY_BODY = YES;
				CLANG_WARN_ENUM_CONVERSION = YES;
				CLANG_WARN_INFINITE_RECURSION = YES;
				CLANG_WARN_INT_CONVERSION = YES;
				CLANG_WARN_NON_LITERAL_NULL_CONVERSION = YES;
				CLANG_WARN_OBJC_IMPLICIT_RETAIN_SELF = YES;
				CLANG_WARN_OBJC_LITERAL_CONVERSION = YES;
				CLANG_WARN_RANGE_LOOP_ANALYSIS = YES;
				CLANG_WARN_STRICT_PROTOTYPES = YES;
				CLANG_WARN_SUSPICIOUS_MOVE = YES;
				CLANG_WARN_UNREACHABLE_CODE = YES;
				CLANG_WARN__DUPLICATE_METHOD_MATCH = YES;
				ENABLE_STRICT_OBJC_MSGSEND = YES;
				ENABLE_TESTABILITY = YES;
				GCC_NO_COMMON_BLOCKS = YES;
				GCC_WARN_64_TO_32_BIT_CONVERSION = YES;
				GCC_WARN_ABOUT_RETURN_TYPE = YES;
				GCC_WARN_UNDECLARED_SELECTOR = YES;
				GCC_WARN_UNINITIALIZED_AUTOS = YES;
				GCC_WARN_UNUSED_FUNCTION = YES;
				GCC_WARN_UNUSED_VARIABLE = YES;
				ONLY_ACTIVE_ARCH = YES;
			};
			name = Debug;
		};
		A747E0AA1BD1595300343690 /* Release */ = {
			isa = XCBuildConfiguration;
			buildSettings = {
				CLANG_WARN_BLOCK_CAPTURE_AUTORELEASING = YES;
				CLANG_WARN_BOOL_CONVERSION = YES;
				CLANG_WARN_COMMA = YES;
				CLANG_WARN_CONSTANT_CONVERSION = YES;
				CLANG_WARN_DEPRECATED_OBJC_IMPLEMENTATIONS = YES;
				CLANG_WARN_EMPTY_BODY = YES;
				CLANG_WARN_ENUM_CONVERSION = YES;
				CLANG_WARN_INFINITE_RECURSION = YES;
				CLANG_WARN_INT_CONVERSION = YES;
				CLANG_WARN_NON_LITERAL_NULL_CONVERSION = YES;
				CLANG_WARN_OBJC_IMPLICIT_RETAIN_SELF = YES;
				CLANG_WARN_OBJC_LITERAL_CONVERSION = YES;
				CLANG_WARN_RANGE_LOOP_ANALYSIS = YES;
				CLANG_WARN_STRICT_PROTOTYPES = YES;
				CLANG_WARN_SUSPICIOUS_MOVE = YES;
				CLANG_WARN_UNREACHABLE_CODE = YES;
				CLANG_WARN__DUPLICATE_METHOD_MATCH = YES;
				ENABLE_STRICT_OBJC_MSGSEND = YES;
				GCC_NO_COMMON_BLOCKS = YES;
				GCC_WARN_64_TO_32_BIT_CONVERSION = YES;
				GCC_WARN_ABOUT_RETURN_TYPE = YES;
				GCC_WARN_UNDECLARED_SELECTOR = YES;
				GCC_WARN_UNINITIALIZED_AUTOS = YES;
				GCC_WARN_UNUSED_FUNCTION = YES;
				GCC_WARN_UNUSED_VARIABLE = YES;
			};
			name = Release;
		};
/* End XCBuildConfiguration section */

/* Begin XCConfigurationList section */
		A747E0A81BD1595300343690 /* Build configuration list for PBXProject "Conekta" */ = {
			isa = XCConfigurationList;
			buildConfigurations = (
				A747E0A91BD1595300343690 /* Debug */,
				A747E0AA1BD1595300343690 /* Release */,
			);
			defaultConfigurationIsVisible = 0;
			defaultConfigurationName = Release;
		};
/* End XCConfigurationList section */
	};
	rootObject = A747E0A51BD1595300343690 /* Project object */;
}
